
Microsoft Visual Studio Solution File, Format Version 12.00
# Visual Studio Version 17
VisualStudioVersion = 17.8.34525.116
MinimumVisualStudioVersion = 10.0.40219.1
Project("{FAE04EC0-301F-11D3-BF4B-00C04F79EFBC}") = "mss", "mss\mss.csproj", "{D62F8E57-941C-41FA-BAEA-8556D1CFBE83}"
EndProject
Global
	GlobalSection(SolutionConfigurationPlatforms) = preSolution
		Debug|Any CPU = Debug|Any CPU
		Release|Any CPU = Release|Any CPU
	EndGlobalSection
	GlobalSection(ProjectConfigurationPlatforms) = postSolution
		{D62F8E57-941C-41FA-BAEA-8556D1CFBE83}.Debug|Any CPU.ActiveCfg = Debug|Any CPU
		{D62F8E57-941C-41FA-BAEA-8556D1CFBE83}.Debug|Any CPU.Build.0 = Debug|Any CPU
		{D62F8E57-941C-41FA-BAEA-8556D1CFBE83}.Release|Any CPU.ActiveCfg = Release|Any CPU
		{D62F8E57-941C-41FA-BAEA-8556D1CFBE83}.Release|Any CPU.Build.0 = Release|Any CPU
	EndGlobalSection
	GlobalSection(SolutionProperties) = preSolution
		HideSolutionNode = FALSE
	EndGlobalSection
	GlobalSection(ExtensibilityGlobals) = postSolution
		SolutionGuid = {9B281590-6EC8-401A-B083-99A3021945DF}
	EndGlobalSection
EndGlobal
